
Microsoft Visual Studio Solution File, Format Version 12.00
# Visual Studio Version 16
VisualStudioVersion = 16.0.29009.5
MinimumVisualStudioVersion = 10.0.40219.1
Project("{FAE04EC0-301F-11D3-BF4B-00C04F79EFBC}") = "DockerConsole", "DockerConsole.csproj", "{1FA10090-90E5-4F88-9223-F45C5C18B92D}"
EndProject
Global
	GlobalSection(SolutionConfigurationPlatforms) = preSolution
		Debug|Any CPU = Debug|Any CPU
		Release|Any CPU = Release|Any CPU
	EndGlobalSection
	GlobalSection(ProjectConfigurationPlatforms) = postSolution
		{1FA10090-90E5-4F88-9223-F45C5C18B92D}.Debug|Any CPU.ActiveCfg = Debug|Any CPU
		{1FA10090-90E5-4F88-9223-F45C5C18B92D}.Debug|Any CPU.Build.0 = Debug|Any CPU
		{1FA10090-90E5-4F88-9223-F45C5C18B92D}.Release|Any CPU.ActiveCfg = Release|Any CPU
		{1FA10090-90E5-4F88-9223-F45C5C18B92D}.Release|Any CPU.Build.0 = Release|Any CPU
	EndGlobalSection
	GlobalSection(SolutionProperties) = preSolution
		HideSolutionNode = FALSE
	EndGlobalSection
	GlobalSection(ExtensibilityGlobals) = postSolution
		SolutionGuid = {3E9E68D0-C18A-4455-BEC7-C2F20F4F2943}
	EndGlobalSection
EndGlobal
